
Microsoft Visual Studio Solution File, Format Version 12.00
# Visual Studio Version 17
VisualStudioVersion = 17.5.002.0
MinimumVisualStudioVersion = 10.0.40219.1
Project("{9A19103F-16F7-4668-BE54-9A1E7A4F7556}") = "urlsh", "urlsh.csproj", "{F35740CC-65A6-43B9-9B9B-60EDC1C0BF74}"
EndProject
Global
	GlobalSection(SolutionConfigurationPlatforms) = preSolution
		Debug|Any CPU = Debug|Any CPU
		Release|Any CPU = Release|Any CPU
	EndGlobalSection
	GlobalSection(ProjectConfigurationPlatforms) = postSolution
		{F35740CC-65A6-43B9-9B9B-60EDC1C0BF74}.Debug|Any CPU.ActiveCfg = Debug|Any CPU
		{F35740CC-65A6-43B9-9B9B-60EDC1C0BF74}.Debug|Any CPU.Build.0 = Debug|Any CPU
		{F35740CC-65A6-43B9-9B9B-60EDC1C0BF74}.Release|Any CPU.ActiveCfg = Release|Any CPU
		{F35740CC-65A6-43B9-9B9B-60EDC1C0BF74}.Release|Any CPU.Build.0 = Release|Any CPU
	EndGlobalSection
	GlobalSection(SolutionProperties) = preSolution
		HideSolutionNode = FALSE
	EndGlobalSection
	GlobalSection(ExtensibilityGlobals) = postSolution
		SolutionGuid = {2CB59003-8209-4C07-A58F-3A04DC337435}
	EndGlobalSection
EndGlobal
