
Microsoft Visual Studio Solution File, Format Version 12.00
# Visual Studio Version 17
VisualStudioVersion = 17.0.31903.59
MinimumVisualStudioVersion = 10.0.40219.1
Project("{FAE04EC0-301F-11D3-BF4B-00C04F79EFBC}") = "urlsh", "urlsh\urlsh.csproj", "{B8D4A22A-46D9-4447-B326-ACE986EF0381}"
EndProject
Project("{FAE04EC0-301F-11D3-BF4B-00C04F79EFBC}") = "UrlShortenerApi", "UrlShortenerApi\UrlShortenerApi.csproj", "{EBB37450-9576-4B1D-99B5-B8B4B8A78E87}"
EndProject
Global
	GlobalSection(SolutionConfigurationPlatforms) = preSolution
		Debug|Any CPU = Debug|Any CPU
		Release|Any CPU = Release|Any CPU
	EndGlobalSection
	GlobalSection(SolutionProperties) = preSolution
		HideSolutionNode = FALSE
	EndGlobalSection
	GlobalSection(ProjectConfigurationPlatforms) = postSolution
		{B8D4A22A-46D9-4447-B326-ACE986EF0381}.Debug|Any CPU.ActiveCfg = Debug|Any CPU
		{B8D4A22A-46D9-4447-B326-ACE986EF0381}.Debug|Any CPU.Build.0 = Debug|Any CPU
		{B8D4A22A-46D9-4447-B326-ACE986EF0381}.Release|Any CPU.ActiveCfg = Release|Any CPU
		{B8D4A22A-46D9-4447-B326-ACE986EF0381}.Release|Any CPU.Build.0 = Release|Any CPU
		{EBB37450-9576-4B1D-99B5-B8B4B8A78E87}.Debug|Any CPU.ActiveCfg = Debug|Any CPU
		{EBB37450-9576-4B1D-99B5-B8B4B8A78E87}.Debug|Any CPU.Build.0 = Debug|Any CPU
		{EBB37450-9576-4B1D-99B5-B8B4B8A78E87}.Release|Any CPU.ActiveCfg = Release|Any CPU
		{EBB37450-9576-4B1D-99B5-B8B4B8A78E87}.Release|Any CPU.Build.0 = Release|Any CPU
	EndGlobalSection
EndGlobal
